
Microsoft Visual Studio Solution File, Format Version 12.00
# Visual Studio 15
VisualStudioVersion = 15.0.27703.2042
MinimumVisualStudioVersion = 10.0.40219.1
Project("{8BC9CEB8-8B4A-11D0-8D11-00A0C91BC942}") = "Wrapper", "Wrapper\Wrapper.vcxproj", "{5C5FF848-4818-472A-BE7F-3D2B92879C67}"
EndProject
Project("{FAE04EC0-301F-11D3-BF4B-00C04F79EFBC}") = "SandBox", "SandBox\SandBox.csproj", "{97D57C58-52B4-4345-87EB-93CE4644B9BD}"
	ProjectSection(ProjectDependencies) = postProject
		{0431813E-BA93-4623-A439-5C1CD8F24AE6} = {0431813E-BA93-4623-A439-5C1CD8F24AE6}
	EndProjectSection
EndProject
Project("{8BC9CEB8-8B4A-11D0-8D11-00A0C91BC942}") = "Core", "Core\Core.vcxproj", "{0431813E-BA93-4623-A439-5C1CD8F24AE6}"
EndProject
Project("{8BC9CEB8-8B4A-11D0-8D11-00A0C91BC942}") = "PInvoke", "PInvoke\PInvoke.vcxproj", "{2C5410CF-A3E2-40D0-940E-381141018058}"
EndProject
Project("{9A19103F-16F7-4668-BE54-9A1E7A4F7556}") = "PInvokeWrapper", "PInvokeWrapper\PInvokeWrapper.csproj", "{F75BF5D9-7871-405D-BB8F-31D7DF9EBDFA}"
	ProjectSection(ProjectDependencies) = postProject
		{0431813E-BA93-4623-A439-5C1CD8F24AE6} = {0431813E-BA93-4623-A439-5C1CD8F24AE6}
		{2C5410CF-A3E2-40D0-940E-381141018058} = {2C5410CF-A3E2-40D0-940E-381141018058}
	EndProjectSection
EndProject
Project("{FAE04EC0-301F-11D3-BF4B-00C04F79EFBC}") = "SandBox2", "SandBox2\SandBox2.csproj", "{2E49EA9D-61E8-493D-A5E4-083E321C0110}"
	ProjectSection(ProjectDependencies) = postProject
		{0431813E-BA93-4623-A439-5C1CD8F24AE6} = {0431813E-BA93-4623-A439-5C1CD8F24AE6}
		{2C5410CF-A3E2-40D0-940E-381141018058} = {2C5410CF-A3E2-40D0-940E-381141018058}
	EndProjectSection
EndProject
Project("{9A19103F-16F7-4668-BE54-9A1E7A4F7556}") = "AzureFunctionBasedOnPInvoke", "AzureFunctionBasedOnPInvoke\AzureFunctionBasedOnPInvoke.csproj", "{030B742C-2453-4694-9B80-28B7E69DDBBA}"
	ProjectSection(ProjectDependencies) = postProject
		{0431813E-BA93-4623-A439-5C1CD8F24AE6} = {0431813E-BA93-4623-A439-5C1CD8F24AE6}
		{2C5410CF-A3E2-40D0-940E-381141018058} = {2C5410CF-A3E2-40D0-940E-381141018058}
	EndProjectSection
EndProject
Project("{9A19103F-16F7-4668-BE54-9A1E7A4F7556}") = "AzureFunctionBasedonCLIWrapper", "AzureFunctionBasedonCLIWrapper\AzureFunctionBasedonCLIWrapper.csproj", "{3B2EA13B-7E3A-4845-8DE4-6D95C3D10D8D}"
	ProjectSection(ProjectDependencies) = postProject
		{0431813E-BA93-4623-A439-5C1CD8F24AE6} = {0431813E-BA93-4623-A439-5C1CD8F24AE6}
	EndProjectSection
EndProject
Project("{FAE04EC0-301F-11D3-BF4B-00C04F79EFBC}") = "MarshalPractice", "MarshalPractice\MarshalPractice.csproj", "{FDD757E2-E1B8-40DC-A4C3-6DD22B5B91E0}"
EndProject
Project("{8BC9CEB8-8B4A-11D0-8D11-00A0C91BC942}") = "CPP", "CPP\CPP.vcxproj", "{2C845382-8E7C-4C07-ADAF-ADC9B213B9DA}"
EndProject
Project("{8BC9CEB8-8B4A-11D0-8D11-00A0C91BC942}") = "EmptyCLIWrapper", "EmptyCLIWrapper\EmptyCLIWrapper.vcxproj", "{CA3CC9EB-BF18-464F-B753-D4EB3B1C30BB}"
EndProject
Project("{FAE04EC0-301F-11D3-BF4B-00C04F79EFBC}") = "MixedWrapper", "MixedWrapper\MixedWrapper.csproj", "{5AB8AECD-75A9-4B06-AAE9-F75EAF405878}"
EndProject
Project("{9A19103F-16F7-4668-BE54-9A1E7A4F7556}") = "AzureFunctionBasedOnMixedWrapper", "AzureFunctionBasedOnMixedWrapper\AzureFunctionBasedOnMixedWrapper.csproj", "{C6642502-4271-4DFD-8AD3-6DA2E24FC456}"
	ProjectSection(ProjectDependencies) = postProject
		{0431813E-BA93-4623-A439-5C1CD8F24AE6} = {0431813E-BA93-4623-A439-5C1CD8F24AE6}
		{2C5410CF-A3E2-40D0-940E-381141018058} = {2C5410CF-A3E2-40D0-940E-381141018058}
	EndProjectSection
EndProject
Project("{FAE04EC0-301F-11D3-BF4B-00C04F79EFBC}") = "AzureFunctionWIthMultipleBlobBlinding", "AzureFunctionWIthMultipleBlobBlinding\AzureFunctionWIthMultipleBlobBlinding.csproj", "{743C6B1F-C343-4F18-89AE-9624B5828251}"
EndProject
Global
	GlobalSection(SolutionConfigurationPlatforms) = preSolution
		Debug|Any CPU = Debug|Any CPU
		Debug|x64 = Debug|x64
		Debug|x86 = Debug|x86
		Release|Any CPU = Release|Any CPU
		Release|x64 = Release|x64
		Release|x86 = Release|x86
	EndGlobalSection
	GlobalSection(ProjectConfigurationPlatforms) = postSolution
		{5C5FF848-4818-472A-BE7F-3D2B92879C67}.Debug|Any CPU.ActiveCfg = Debug|Win32
		{5C5FF848-4818-472A-BE7F-3D2B92879C67}.Debug|Any CPU.Build.0 = Debug|Win32
		{5C5FF848-4818-472A-BE7F-3D2B92879C67}.Debug|x64.ActiveCfg = Debug|x64
		{5C5FF848-4818-472A-BE7F-3D2B92879C67}.Debug|x64.Build.0 = Debug|x64
		{5C5FF848-4818-472A-BE7F-3D2B92879C67}.Debug|x86.ActiveCfg = Debug|Win32
		{5C5FF848-4818-472A-BE7F-3D2B92879C67}.Debug|x86.Build.0 = Debug|Win32
		{5C5FF848-4818-472A-BE7F-3D2B92879C67}.Release|Any CPU.ActiveCfg = Release|Win32
		{5C5FF848-4818-472A-BE7F-3D2B92879C67}.Release|Any CPU.Build.0 = Release|Win32
		{5C5FF848-4818-472A-BE7F-3D2B92879C67}.Release|x64.ActiveCfg = Release|x64
		{5C5FF848-4818-472A-BE7F-3D2B92879C67}.Release|x64.Build.0 = Release|x64
		{5C5FF848-4818-472A-BE7F-3D2B92879C67}.Release|x86.ActiveCfg = Release|Win32
		{5C5FF848-4818-472A-BE7F-3D2B92879C67}.Release|x86.Build.0 = Release|Win32
		{97D57C58-52B4-4345-87EB-93CE4644B9BD}.Debug|Any CPU.ActiveCfg = Debug|Any CPU
		{97D57C58-52B4-4345-87EB-93CE4644B9BD}.Debug|Any CPU.Build.0 = Debug|Any CPU
		{97D57C58-52B4-4345-87EB-93CE4644B9BD}.Debug|x64.ActiveCfg = Debug|x64
		{97D57C58-52B4-4345-87EB-93CE4644B9BD}.Debug|x64.Build.0 = Debug|x64
		{97D57C58-52B4-4345-87EB-93CE4644B9BD}.Debug|x86.ActiveCfg = Debug|Any CPU
		{97D57C58-52B4-4345-87EB-93CE4644B9BD}.Debug|x86.Build.0 = Debug|Any CPU
		{97D57C58-52B4-4345-87EB-93CE4644B9BD}.Release|Any CPU.ActiveCfg = Release|Any CPU
		{97D57C58-52B4-4345-87EB-93CE4644B9BD}.Release|Any CPU.Build.0 = Release|Any CPU
		{97D57C58-52B4-4345-87EB-93CE4644B9BD}.Release|x64.ActiveCfg = Release|Any CPU
		{97D57C58-52B4-4345-87EB-93CE4644B9BD}.Release|x64.Build.0 = Release|Any CPU
		{97D57C58-52B4-4345-87EB-93CE4644B9BD}.Release|x86.ActiveCfg = Release|Any CPU
		{97D57C58-52B4-4345-87EB-93CE4644B9BD}.Release|x86.Build.0 = Release|Any CPU
		{0431813E-BA93-4623-A439-5C1CD8F24AE6}.Debug|Any CPU.ActiveCfg = Debug|Win32
		{0431813E-BA93-4623-A439-5C1CD8F24AE6}.Debug|Any CPU.Build.0 = Debug|Win32
		{0431813E-BA93-4623-A439-5C1CD8F24AE6}.Debug|x64.ActiveCfg = Debug|x64
		{0431813E-BA93-4623-A439-5C1CD8F24AE6}.Debug|x64.Build.0 = Debug|x64
		{0431813E-BA93-4623-A439-5C1CD8F24AE6}.Debug|x86.ActiveCfg = Debug|Win32
		{0431813E-BA93-4623-A439-5C1CD8F24AE6}.Debug|x86.Build.0 = Debug|Win32
		{0431813E-BA93-4623-A439-5C1CD8F24AE6}.Release|Any CPU.ActiveCfg = Release|Win32
		{0431813E-BA93-4623-A439-5C1CD8F24AE6}.Release|Any CPU.Build.0 = Release|Win32
		{0431813E-BA93-4623-A439-5C1CD8F24AE6}.Release|x64.ActiveCfg = Release|x64
		{0431813E-BA93-4623-A439-5C1CD8F24AE6}.Release|x64.Build.0 = Release|x64
		{0431813E-BA93-4623-A439-5C1CD8F24AE6}.Release|x86.ActiveCfg = Release|Win32
		{0431813E-BA93-4623-A439-5C1CD8F24AE6}.Release|x86.Build.0 = Release|Win32
		{2C5410CF-A3E2-40D0-940E-381141018058}.Debug|Any CPU.ActiveCfg = Debug|Win32
		{2C5410CF-A3E2-40D0-940E-381141018058}.Debug|Any CPU.Build.0 = Debug|Win32
		{2C5410CF-A3E2-40D0-940E-381141018058}.Debug|x64.ActiveCfg = Debug|x64
		{2C5410CF-A3E2-40D0-940E-381141018058}.Debug|x64.Build.0 = Debug|x64
		{2C5410CF-A3E2-40D0-940E-381141018058}.Debug|x86.ActiveCfg = Debug|Win32
		{2C5410CF-A3E2-40D0-940E-381141018058}.Debug|x86.Build.0 = Debug|Win32
		{2C5410CF-A3E2-40D0-940E-381141018058}.Release|Any CPU.ActiveCfg = Release|Win32
		{2C5410CF-A3E2-40D0-940E-381141018058}.Release|Any CPU.Build.0 = Release|Win32
		{2C5410CF-A3E2-40D0-940E-381141018058}.Release|x64.ActiveCfg = Release|x64
		{2C5410CF-A3E2-40D0-940E-381141018058}.Release|x64.Build.0 = Release|x64
		{2C5410CF-A3E2-40D0-940E-381141018058}.Release|x86.ActiveCfg = Release|Win32
		{2C5410CF-A3E2-40D0-940E-381141018058}.Release|x86.Build.0 = Release|Win32
		{F75BF5D9-7871-405D-BB8F-31D7DF9EBDFA}.Debug|Any CPU.ActiveCfg = Debug|Any CPU
		{F75BF5D9-7871-405D-BB8F-31D7DF9EBDFA}.Debug|Any CPU.Build.0 = Debug|Any CPU
		{F75BF5D9-7871-405D-BB8F-31D7DF9EBDFA}.Debug|x64.ActiveCfg = Debug|x64
		{F75BF5D9-7871-405D-BB8F-31D7DF9EBDFA}.Debug|x64.Build.0 = Debug|x64
		{F75BF5D9-7871-405D-BB8F-31D7DF9EBDFA}.Debug|x86.ActiveCfg = Debug|Any CPU
		{F75BF5D9-7871-405D-BB8F-31D7DF9EBDFA}.Debug|x86.Build.0 = Debug|Any CPU
		{F75BF5D9-7871-405D-BB8F-31D7DF9EBDFA}.Release|Any CPU.ActiveCfg = Release|Any CPU
		{F75BF5D9-7871-405D-BB8F-31D7DF9EBDFA}.Release|Any CPU.Build.0 = Release|Any CPU
		{F75BF5D9-7871-405D-BB8F-31D7DF9EBDFA}.Release|x64.ActiveCfg = Release|Any CPU
		{F75BF5D9-7871-405D-BB8F-31D7DF9EBDFA}.Release|x64.Build.0 = Release|Any CPU
		{F75BF5D9-7871-405D-BB8F-31D7DF9EBDFA}.Release|x86.ActiveCfg = Release|Any CPU
		{F75BF5D9-7871-405D-BB8F-31D7DF9EBDFA}.Release|x86.Build.0 = Release|Any CPU
		{2E49EA9D-61E8-493D-A5E4-083E321C0110}.Debug|Any CPU.ActiveCfg = Debug|Any CPU
		{2E49EA9D-61E8-493D-A5E4-083E321C0110}.Debug|Any CPU.Build.0 = Debug|Any CPU
		{2E49EA9D-61E8-493D-A5E4-083E321C0110}.Debug|x64.ActiveCfg = Debug|x64
		{2E49EA9D-61E8-493D-A5E4-083E321C0110}.Debug|x64.Build.0 = Debug|x64
		{2E49EA9D-61E8-493D-A5E4-083E321C0110}.Debug|x86.ActiveCfg = Debug|Any CPU
		{2E49EA9D-61E8-493D-A5E4-083E321C0110}.Debug|x86.Build.0 = Debug|Any CPU
		{2E49EA9D-61E8-493D-A5E4-083E321C0110}.Release|Any CPU.ActiveCfg = Release|Any CPU
		{2E49EA9D-61E8-493D-A5E4-083E321C0110}.Release|Any CPU.Build.0 = Release|Any CPU
		{2E49EA9D-61E8-493D-A5E4-083E321C0110}.Release|x64.ActiveCfg = Release|Any CPU
		{2E49EA9D-61E8-493D-A5E4-083E321C0110}.Release|x64.Build.0 = Release|Any CPU
		{2E49EA9D-61E8-493D-A5E4-083E321C0110}.Release|x86.ActiveCfg = Release|Any CPU
		{2E49EA9D-61E8-493D-A5E4-083E321C0110}.Release|x86.Build.0 = Release|Any CPU
		{030B742C-2453-4694-9B80-28B7E69DDBBA}.Debug|Any CPU.ActiveCfg = Debug|Any CPU
		{030B742C-2453-4694-9B80-28B7E69DDBBA}.Debug|Any CPU.Build.0 = Debug|Any CPU
		{030B742C-2453-4694-9B80-28B7E69DDBBA}.Debug|x64.ActiveCfg = Debug|x64
		{030B742C-2453-4694-9B80-28B7E69DDBBA}.Debug|x64.Build.0 = Debug|x64
		{030B742C-2453-4694-9B80-28B7E69DDBBA}.Debug|x86.ActiveCfg = Debug|Any CPU
		{030B742C-2453-4694-9B80-28B7E69DDBBA}.Debug|x86.Build.0 = Debug|Any CPU
		{030B742C-2453-4694-9B80-28B7E69DDBBA}.Release|Any CPU.ActiveCfg = Release|Any CPU
		{030B742C-2453-4694-9B80-28B7E69DDBBA}.Release|Any CPU.Build.0 = Release|Any CPU
		{030B742C-2453-4694-9B80-28B7E69DDBBA}.Release|x64.ActiveCfg = Release|Any CPU
		{030B742C-2453-4694-9B80-28B7E69DDBBA}.Release|x64.Build.0 = Release|Any CPU
		{030B742C-2453-4694-9B80-28B7E69DDBBA}.Release|x86.ActiveCfg = Release|Any CPU
		{030B742C-2453-4694-9B80-28B7E69DDBBA}.Release|x86.Build.0 = Release|Any CPU
		{3B2EA13B-7E3A-4845-8DE4-6D95C3D10D8D}.Debug|Any CPU.ActiveCfg = Debug|Any CPU
		{3B2EA13B-7E3A-4845-8DE4-6D95C3D10D8D}.Debug|Any CPU.Build.0 = Debug|Any CPU
		{3B2EA13B-7E3A-4845-8DE4-6D95C3D10D8D}.Debug|x64.ActiveCfg = Debug|Any CPU
		{3B2EA13B-7E3A-4845-8DE4-6D95C3D10D8D}.Debug|x64.Build.0 = Debug|Any CPU
		{3B2EA13B-7E3A-4845-8DE4-6D95C3D10D8D}.Debug|x86.ActiveCfg = Debug|x86
		{3B2EA13B-7E3A-4845-8DE4-6D95C3D10D8D}.Debug|x86.Build.0 = Debug|x86
		{3B2EA13B-7E3A-4845-8DE4-6D95C3D10D8D}.Release|Any CPU.ActiveCfg = Release|Any CPU
		{3B2EA13B-7E3A-4845-8DE4-6D95C3D10D8D}.Release|Any CPU.Build.0 = Release|Any CPU
		{3B2EA13B-7E3A-4845-8DE4-6D95C3D10D8D}.Release|x64.ActiveCfg = Release|Any CPU
		{3B2EA13B-7E3A-4845-8DE4-6D95C3D10D8D}.Release|x64.Build.0 = Release|Any CPU
		{3B2EA13B-7E3A-4845-8DE4-6D95C3D10D8D}.Release|x86.ActiveCfg = Release|Any CPU
		{3B2EA13B-7E3A-4845-8DE4-6D95C3D10D8D}.Release|x86.Build.0 = Release|Any CPU
		{FDD757E2-E1B8-40DC-A4C3-6DD22B5B91E0}.Debug|Any CPU.ActiveCfg = Debug|Any CPU
		{FDD757E2-E1B8-40DC-A4C3-6DD22B5B91E0}.Debug|Any CPU.Build.0 = Debug|Any CPU
		{FDD757E2-E1B8-40DC-A4C3-6DD22B5B91E0}.Debug|x64.ActiveCfg = Debug|Any CPU
		{FDD757E2-E1B8-40DC-A4C3-6DD22B5B91E0}.Debug|x64.Build.0 = Debug|Any CPU
		{FDD757E2-E1B8-40DC-A4C3-6DD22B5B91E0}.Debug|x86.ActiveCfg = Debug|Any CPU
		{FDD757E2-E1B8-40DC-A4C3-6DD22B5B91E0}.Debug|x86.Build.0 = Debug|Any CPU
		{FDD757E2-E1B8-40DC-A4C3-6DD22B5B91E0}.Release|Any CPU.ActiveCfg = Release|Any CPU
		{FDD757E2-E1B8-40DC-A4C3-6DD22B5B91E0}.Release|Any CPU.Build.0 = Release|Any CPU
		{FDD757E2-E1B8-40DC-A4C3-6DD22B5B91E0}.Release|x64.ActiveCfg = Release|Any CPU
		{FDD757E2-E1B8-40DC-A4C3-6DD22B5B91E0}.Release|x64.Build.0 = Release|Any CPU
		{FDD757E2-E1B8-40DC-A4C3-6DD22B5B91E0}.Release|x86.ActiveCfg = Release|Any CPU
		{FDD757E2-E1B8-40DC-A4C3-6DD22B5B91E0}.Release|x86.Build.0 = Release|Any CPU
		{2C845382-8E7C-4C07-ADAF-ADC9B213B9DA}.Debug|Any CPU.ActiveCfg = Debug|Win32
		{2C845382-8E7C-4C07-ADAF-ADC9B213B9DA}.Debug|x64.ActiveCfg = Debug|x64
		{2C845382-8E7C-4C07-ADAF-ADC9B213B9DA}.Debug|x64.Build.0 = Debug|x64
		{2C845382-8E7C-4C07-ADAF-ADC9B213B9DA}.Debug|x86.ActiveCfg = Debug|Win32
		{2C845382-8E7C-4C07-ADAF-ADC9B213B9DA}.Debug|x86.Build.0 = Debug|Win32
		{2C845382-8E7C-4C07-ADAF-ADC9B213B9DA}.Release|Any CPU.ActiveCfg = Release|Win32
		{2C845382-8E7C-4C07-ADAF-ADC9B213B9DA}.Release|Any CPU.Build.0 = Release|Win32
		{2C845382-8E7C-4C07-ADAF-ADC9B213B9DA}.Release|x64.ActiveCfg = Release|x64
		{2C845382-8E7C-4C07-ADAF-ADC9B213B9DA}.Release|x64.Build.0 = Release|x64
		{2C845382-8E7C-4C07-ADAF-ADC9B213B9DA}.Release|x86.ActiveCfg = Release|Win32
		{2C845382-8E7C-4C07-ADAF-ADC9B213B9DA}.Release|x86.Build.0 = Release|Win32
		{CA3CC9EB-BF18-464F-B753-D4EB3B1C30BB}.Debug|Any CPU.ActiveCfg = Debug|Win32
		{CA3CC9EB-BF18-464F-B753-D4EB3B1C30BB}.Debug|x64.ActiveCfg = Debug|x64
		{CA3CC9EB-BF18-464F-B753-D4EB3B1C30BB}.Debug|x64.Build.0 = Debug|x64
		{CA3CC9EB-BF18-464F-B753-D4EB3B1C30BB}.Debug|x86.ActiveCfg = Debug|Win32
		{CA3CC9EB-BF18-464F-B753-D4EB3B1C30BB}.Debug|x86.Build.0 = Debug|Win32
		{CA3CC9EB-BF18-464F-B753-D4EB3B1C30BB}.Release|Any CPU.ActiveCfg = Release|Win32
		{CA3CC9EB-BF18-464F-B753-D4EB3B1C30BB}.Release|Any CPU.Build.0 = Release|Win32
		{CA3CC9EB-BF18-464F-B753-D4EB3B1C30BB}.Release|x64.ActiveCfg = Release|x64
		{CA3CC9EB-BF18-464F-B753-D4EB3B1C30BB}.Release|x64.Build.0 = Release|x64
		{CA3CC9EB-BF18-464F-B753-D4EB3B1C30BB}.Release|x86.ActiveCfg = Release|Win32
		{CA3CC9EB-BF18-464F-B753-D4EB3B1C30BB}.Release|x86.Build.0 = Release|Win32
		{5AB8AECD-75A9-4B06-AAE9-F75EAF405878}.Debug|Any CPU.ActiveCfg = Debug|Any CPU
		{5AB8AECD-75A9-4B06-AAE9-F75EAF405878}.Debug|Any CPU.Build.0 = Debug|Any CPU
		{5AB8AECD-75A9-4B06-AAE9-F75EAF405878}.Debug|x64.ActiveCfg = Debug|Any CPU
		{5AB8AECD-75A9-4B06-AAE9-F75EAF405878}.Debug|x64.Build.0 = Debug|Any CPU
		{5AB8AECD-75A9-4B06-AAE9-F75EAF405878}.Debug|x86.ActiveCfg = Debug|Any CPU
		{5AB8AECD-75A9-4B06-AAE9-F75EAF405878}.Debug|x86.Build.0 = Debug|Any CPU
		{5AB8AECD-75A9-4B06-AAE9-F75EAF405878}.Release|Any CPU.ActiveCfg = Release|Any CPU
		{5AB8AECD-75A9-4B06-AAE9-F75EAF405878}.Release|Any CPU.Build.0 = Release|Any CPU
		{5AB8AECD-75A9-4B06-AAE9-F75EAF405878}.Release|x64.ActiveCfg = Release|Any CPU
		{5AB8AECD-75A9-4B06-AAE9-F75EAF405878}.Release|x64.Build.0 = Release|Any CPU
		{5AB8AECD-75A9-4B06-AAE9-F75EAF405878}.Release|x86.ActiveCfg = Release|Any CPU
		{5AB8AECD-75A9-4B06-AAE9-F75EAF405878}.Release|x86.Build.0 = Release|Any CPU
		{C6642502-4271-4DFD-8AD3-6DA2E24FC456}.Debug|Any CPU.ActiveCfg = Debug|Any CPU
		{C6642502-4271-4DFD-8AD3-6DA2E24FC456}.Debug|Any CPU.Build.0 = Debug|Any CPU
		{C6642502-4271-4DFD-8AD3-6DA2E24FC456}.Debug|x64.ActiveCfg = Debug|Any CPU
		{C6642502-4271-4DFD-8AD3-6DA2E24FC456}.Debug|x64.Build.0 = Debug|Any CPU
		{C6642502-4271-4DFD-8AD3-6DA2E24FC456}.Debug|x86.ActiveCfg = Debug|Any CPU
		{C6642502-4271-4DFD-8AD3-6DA2E24FC456}.Debug|x86.Build.0 = Debug|Any CPU
		{C6642502-4271-4DFD-8AD3-6DA2E24FC456}.Release|Any CPU.ActiveCfg = Release|Any CPU
		{C6642502-4271-4DFD-8AD3-6DA2E24FC456}.Release|Any CPU.Build.0 = Release|Any CPU
		{C6642502-4271-4DFD-8AD3-6DA2E24FC456}.Release|x64.ActiveCfg = Release|Any CPU
		{C6642502-4271-4DFD-8AD3-6DA2E24FC456}.Release|x64.Build.0 = Release|Any CPU
		{C6642502-4271-4DFD-8AD3-6DA2E24FC456}.Release|x86.ActiveCfg = Release|Any CPU
		{C6642502-4271-4DFD-8AD3-6DA2E24FC456}.Release|x86.Build.0 = Release|Any CPU
		{743C6B1F-C343-4F18-89AE-9624B5828251}.Debug|Any CPU.ActiveCfg = Debug|Any CPU
		{743C6B1F-C343-4F18-89AE-9624B5828251}.Debug|Any CPU.Build.0 = Debug|Any CPU
		{743C6B1F-C343-4F18-89AE-9624B5828251}.Debug|x64.ActiveCfg = Debug|Any CPU
		{743C6B1F-C343-4F18-89AE-9624B5828251}.Debug|x64.Build.0 = Debug|Any CPU
		{743C6B1F-C343-4F18-89AE-9624B5828251}.Debug|x86.ActiveCfg = Debug|Any CPU
		{743C6B1F-C343-4F18-89AE-9624B5828251}.Debug|x86.Build.0 = Debug|Any CPU
		{743C6B1F-C343-4F18-89AE-9624B5828251}.Release|Any CPU.ActiveCfg = Release|Any CPU
		{743C6B1F-C343-4F18-89AE-9624B5828251}.Release|Any CPU.Build.0 = Release|Any CPU
		{743C6B1F-C343-4F18-89AE-9624B5828251}.Release|x64.ActiveCfg = Release|Any CPU
		{743C6B1F-C343-4F18-89AE-9624B5828251}.Release|x64.Build.0 = Release|Any CPU
		{743C6B1F-C343-4F18-89AE-9624B5828251}.Release|x86.ActiveCfg = Release|Any CPU
		{743C6B1F-C343-4F18-89AE-9624B5828251}.Release|x86.Build.0 = Release|Any CPU
	EndGlobalSection
	GlobalSection(SolutionProperties) = preSolution
		HideSolutionNode = FALSE
	EndGlobalSection
	GlobalSection(ExtensibilityGlobals) = postSolution
		SolutionGuid = {A304FB72-28C5-4D4D-85A8-C48ADB56B9A8}
	EndGlobalSection
EndGlobal
